
Microsoft Visual Studio Solution File, Format Version 12.00
# Visual Studio Version 17
VisualStudioVersion = 17.6.33815.320
MinimumVisualStudioVersion = 10.0.40219.1
Project("{FAE04EC0-301F-11D3-BF4B-00C04F79EFBC}") = "TopologicalSorting", "TopologicalSorting\TopologicalSorting.csproj", "{FB2F4E89-AF59-4497-952E-8EB684E75A18}"
EndProject
Global
	GlobalSection(SolutionConfigurationPlatforms) = preSolution
		Debug|Any CPU = Debug|Any CPU
		Release|Any CPU = Release|Any CPU
	EndGlobalSection
	GlobalSection(ProjectConfigurationPlatforms) = postSolution
		{FB2F4E89-AF59-4497-952E-8EB684E75A18}.Debug|Any CPU.ActiveCfg = Debug|Any CPU
		{FB2F4E89-AF59-4497-952E-8EB684E75A18}.Debug|Any CPU.Build.0 = Debug|Any CPU
		{FB2F4E89-AF59-4497-952E-8EB684E75A18}.Release|Any CPU.ActiveCfg = Release|Any CPU
		{FB2F4E89-AF59-4497-952E-8EB684E75A18}.Release|Any CPU.Build.0 = Release|Any CPU
	EndGlobalSection
	GlobalSection(SolutionProperties) = preSolution
		HideSolutionNode = FALSE
	EndGlobalSection
	GlobalSection(ExtensibilityGlobals) = postSolution
		SolutionGuid = {CB980970-777A-4933-BB93-4083C6A0BDC0}
	EndGlobalSection
EndGlobal
